PODS:
  - AXIndicatorView (0.1.1)
  - AXPracticalHUD (2.1.4):
    - AXIndicatorView
  - AXWebViewController (0.7.2):
    - AXPracticalHUD
    - Stinger
  - Masonry (1.1.0)
  - Stinger (1.0.0):
    - Stinger/Core (= 1.0.0)
    - Stinger/libffi (= 1.0.0)
  - Stinger/Core (1.0.0):
    - Stinger/libffi
  - Stinger/libffi (1.0.0)
  - ZKCategories (0.4.5):
    - ZKCategories/Core (= 0.4.5)
  - ZKCategories/Core (0.4.5)
  - ZKFoundation (0.1.15):
    - ZKCategories (~> 0.4.5)
    - ZKFoundation/Adapter (= 0.1.15)
    - ZKFoundation/AuthContext (= 0.1.15)
    - ZKFoundation/Categories (= 0.1.15)
    - ZKFoundation/LocationManager (= 0.1.15)
    - ZKFoundation/Permission (= 0.1.15)
    - ZKFoundation/UIKit (= 0.1.15)
    - ZKFoundation/URLProtocol (= 0.1.15)
  - ZKFoundation/Adapter (0.1.15):
    - ZKCategories (~> 0.4.5)
  - ZKFoundation/AuthContext (0.1.15):
    - ZKCategories (~> 0.4.5)
  - ZKFoundation/Categories (0.1.15):
    - ZKCategories (~> 0.4.5)
  - ZKFoundation/LocationManager (0.1.15):
    - ZKCategories (~> 0.4.5)
  - ZKFoundation/Permission (0.1.15):
    - ZKCategories (~> 0.4.5)
  - ZKFoundation/UIKit (0.1.15):
    - ZKCategories (~> 0.4.5)
  - ZKFoundation/URLProtocol (0.1.15):
    - ZKCategories (~> 0.4.5)

DEPENDENCIES:
  - AXWebViewController (from `https://github.com/kaiser143/AXWebViewController.git`, commit `5cebcc4fcdb269cf96c80dc6893b653cc29be2bb`)
  - Masonry
  - ZKFoundation (from `../`)

SPEC REPOS:
  https://mirrors.tuna.tsinghua.edu.cn/git/CocoaPods/Specs.git:
    - AXIndicatorView
    - AXPracticalHUD
    - Masonry
    - Stinger
  trunk:
    - ZKCategories

EXTERNAL SOURCES:
  AXWebViewController:
    :commit: 5cebcc4fcdb269cf96c80dc6893b653cc29be2bb
    :git: https://github.com/kaiser143/AXWebViewController.git
  ZKFoundation:
    :path: "../"

CHECKOUT OPTIONS:
  AXWebViewController:
    :commit: 5cebcc4fcdb269cf96c80dc6893b653cc29be2bb
    :git: https://github.com/kaiser143/AXWebViewController.git

SPEC CHECKSUMS:
  AXIndicatorView: 566b490a2dd9781d4ffbcc9752be9b9cdc6e728e
  AXPracticalHUD: 821d170b31e050c426ef8754b07b4264a8b1d861
  AXWebViewController: 82f9ffe043edf360a299aaad27a132be018a9567
  Masonry: 678fab65091a9290e40e2832a55e7ab731aad201
  Stinger: 65d5a5749cb487d35676a2e8bba63a4239b6ccc3
  ZKCategories: 2a66e3852c48c500d5cb053a56567d4027626ad0
  ZKFoundation: e239019ab21c25146e23edeccb5cf5890dc2a20c

PODFILE CHECKSUM: 8327bd210bd00a7b50f25f3211842ce747d4f534

COCOAPODS: 1.15.2
