PODS:
  - Masonry (1.1.0)
  - ZKCategories (0.2.3)
  - ZKFoundation (0.1.0):
    - ZKCategories (~> 0.2.1)
    - ZKFoundation/AuthContext (= 0.1.0)
    - ZKFoundation/Categories (= 0.1.0)
    - ZKFoundation/Helper (= 0.1.0)
    - ZKFoundation/LocationManager (= 0.1.0)
    - ZKFoundation/Permission (= 0.1.0)
    - ZKFoundation/UIKit (= 0.1.0)
  - ZKFoundation/AuthContext (0.1.0):
    - ZKCategories (~> 0.2.1)
  - ZKFoundation/Categories (0.1.0):
    - ZKCategories (~> 0.2.1)
  - ZKFoundation/Helper (0.1.0):
    - ZKCategories (~> 0.2.1)
  - ZKFoundation/LocationManager (0.1.0):
    - ZKCategories (~> 0.2.1)
  - ZKFoundation/Permission (0.1.0):
    - ZKCategories (~> 0.2.1)
  - ZKFoundation/UIKit (0.1.0):
    - ZKCategories (~> 0.2.1)

DEPENDENCIES:
  - Masonry
  - ZKFoundation (from `../`)

SPEC REPOS:
  trunk:
    - Masonry
    - ZKCategories

EXTERNAL SOURCES:
  ZKFoundation:
    :path: "../"

SPEC CHECKSUMS:
  Masonry: 678fab65091a9290e40e2832a55e7ab731aad201
  ZKCategories: 96f580269e8759f039956ed519c62c69795e2da1
  ZKFoundation: aae02c9b39485f4d1a0c0f193d4d07627e60f6c9

PODFILE CHECKSUM: 5d7ab6c1c4a090cdde891c46984b4771c27bd33d

COCOAPODS: 1.8.4
